{
    "_readme": [
        "This file locks the dependencies of your project to a known state",
        "Read more about it at https://getcomposer.org/doc/01-basic-usage.md#composer-lock-the-lock-file",
        "This file is @generated automatically"
    ],
    "hash": "bbc0d0dcdd05a608befffdc7b1af0a15",
    "content-hash": "60d0268a2fd24e53b2dd5400fd5f84b6",
    "packages": [
        {
            "name": "mydnshost/mydnshost-php-api",
            "version": "0.1.1",
            "source": {
                "type": "git",
                "url": "https://github.com/mydnshost/mydnshost-php-api.git",
                "reference": "4889cb4cbf4b1933b01414606f863f7c96032f59"
            },
            "dist": {
                "type": "zip",
                "url": "https://api.github.com/repos/mydnshost/mydnshost-php-api/zipball/4889cb4cbf4b1933b01414606f863f7c96032f59",
                "reference": "4889cb4cbf4b1933b01414606f863f7c96032f59",
                "shasum": ""
            },
            "require": {
                "php": ">=7.1",
                "rmccue/requests": "^1.7"
            },
            "type": "library",
            "autoload": {
                "psr-0": {
                    "": "src/"
                }
            },
            "notification-url": "https://packagist.org/downloads/",
            "license": [
                "MIT"
            ],
            "authors": [
                {
                    "name": "Shane Mc Cormack",
                    "email": "shanemcc@gmail.com",
                    "homepage": "http://www.dataforce.org.uk/"
                }
            ],
            "description": "PHP API for mydnshost.co.uk",
            "homepage": "https://github.com/mydnshost/mydnshost-php-api",
            "time": "2017-06-05 03:16:03"
        },
        {
            "name": "rmccue/requests",
            "version": "v1.7.0",
            "source": {
                "type": "git",
                "url": "https://github.com/rmccue/Requests.git",
                "reference": "87932f52ffad70504d93f04f15690cf16a089546"
            },
            "dist": {
                "type": "zip",
                "url": "https://api.github.com/repos/rmccue/Requests/zipball/87932f52ffad70504d93f04f15690cf16a089546",
                "reference": "87932f52ffad70504d93f04f15690cf16a089546",
                "shasum": ""
            },
            "require": {
                "php": ">=5.2"
            },
            "require-dev": {
                "requests/test-server": "dev-master"
            },
            "type": "library",
            "autoload": {
                "psr-0": {
                    "Requests": "library/"
                }
            },
            "notification-url": "https://packagist.org/downloads/",
            "license": [
                "ISC"
            ],
            "authors": [
                {
                    "name": "Ryan McCue",
                    "homepage": "http://ryanmccue.info"
                }
            ],
            "description": "A HTTP library written in PHP, for human beings.",
            "homepage": "http://github.com/rmccue/Requests",
            "keywords": [
                "curl",
                "fsockopen",
                "http",
                "idna",
                "ipv6",
                "iri",
                "sockets"
            ],
            "time": "2016-10-13 00:11:37"
        }
    ],
    "packages-dev": [],
    "aliases": [],
    "minimum-stability": "stable",
    "stability-flags": [],
    "prefer-stable": false,
    "prefer-lowest": false,
    "platform": {
        "php": ">=7.1"
    },
    "platform-dev": []
}
